
Microsoft Visual Studio Solution File, Format Version 12.00
# Visual Studio 2012
Project("{FAE04EC0-301F-11D3-BF4B-00C04F79EFBC}") = "UnityVS.CVR v1.0.0.CSharp", "UnityVS.CVR v1.0.0.CSharp.csproj", "{9CE803A0-9EF6-34D3-09CB-47DBF19FE557}"
EndProject
Project("{FAE04EC0-301F-11D3-BF4B-00C04F79EFBC}") = "UnityVS.CVR v1.0.0.CSharp.Editor", "UnityVS.CVR v1.0.0.CSharp.Editor.csproj", "{C869468B-3E15-7CBE-7147-F1C2467E192D}"
EndProject
Project("{FAE04EC0-301F-11D3-BF4B-00C04F79EFBC}") = "UnityVS.CVR v1.0.0.CSharp.Plugins", "UnityVS.CVR v1.0.0.CSharp.Plugins.csproj", "{63FD2432-17E3-AD43-C921-447EC7F235FD}"
EndProject
Global
	GlobalSection(SolutionConfigurationPlatforms) = preSolution
		Debug|Any CPU = Debug|Any CPU
		Release|Any CPU = Release|Any CPU
	EndGlobalSection
	GlobalSection(ProjectConfigurationPlatforms) = postSolution
		{9CE803A0-9EF6-34D3-09CB-47DBF19FE557}.Debug|Any CPU.ActiveCfg = Debug|Any CPU
		{9CE803A0-9EF6-34D3-09CB-47DBF19FE557}.Debug|Any CPU.Build.0 = Debug|Any CPU
		{9CE803A0-9EF6-34D3-09CB-47DBF19FE557}.Release|Any CPU.ActiveCfg = Release|Any CPU
		{9CE803A0-9EF6-34D3-09CB-47DBF19FE557}.Release|Any CPU.Build.0 = Release|Any CPU
		{C869468B-3E15-7CBE-7147-F1C2467E192D}.Debug|Any CPU.ActiveCfg = Debug|Any CPU
		{C869468B-3E15-7CBE-7147-F1C2467E192D}.Debug|Any CPU.Build.0 = Debug|Any CPU
		{C869468B-3E15-7CBE-7147-F1C2467E192D}.Release|Any CPU.ActiveCfg = Release|Any CPU
		{C869468B-3E15-7CBE-7147-F1C2467E192D}.Release|Any CPU.Build.0 = Release|Any CPU
		{63FD2432-17E3-AD43-C921-447EC7F235FD}.Debug|Any CPU.ActiveCfg = Debug|Any CPU
		{63FD2432-17E3-AD43-C921-447EC7F235FD}.Debug|Any CPU.Build.0 = Debug|Any CPU
		{63FD2432-17E3-AD43-C921-447EC7F235FD}.Release|Any CPU.ActiveCfg = Release|Any CPU
		{63FD2432-17E3-AD43-C921-447EC7F235FD}.Release|Any CPU.Build.0 = Release|Any CPU
	EndGlobalSection
	GlobalSection(SolutionProperties) = preSolution
		HideSolutionNode = FALSE
	EndGlobalSection
EndGlobal
